github.com/mixeandre/moduleone v1.0.0 h1:lUNXdOzhlAzLrQbRhfwqH1OA5hGG61h65BS5YTrcin0=
github.com/mixeandre/moduleone v1.0.0/go.mod h1:X+pGJ0hCebXQIl5GECtge97k+A2UisKE/z91id1QDC8=
github.com/mixeandre/moduleone v1.1.0 h1:5KURZyw7b3vX7HzALOyKPQKDTM50hjGUv+T/FlYgtLg=
github.com/mixeandre/moduleone v1.1.0/go.mod h1:X+pGJ0hCebXQIl5GECtge97k+A2UisKE/z91id1QDC8=
github.com/mixeandre/moduleone v1.1.1 h1:SNV4LSZGr2QeineLpdv39/+/fMB3FJq7T/lDwHmdRbU=
github.com/mixeandre/moduleone v1.1.1/go.mod h1:X+pGJ0hCebXQIl5GECtge97k+A2UisKE/z91id1QDC8=
github.com/mixeandre/moduletwo v1.0.0 h1:kihr6g8lz7rKyZpOMAGEeKtwBUox6/hga5NtIRJ6oTE=
github.com/mixeandre/moduletwo v1.0.0/go.mod h1:1hiQAnjiXRMCEKrVpbDEHlxvs2nKixqfgZKldrv4Xn4=
